
Microsoft Visual Studio Solution File, Format Version 12.00
# Visual Studio Version 17
VisualStudioVersion = 17.5.002.0
MinimumVisualStudioVersion = 10.0.40219.1
Project("{9A19103F-16F7-4668-BE54-9A1E7A4F7556}") = "Invoices", "Invoices.Core\Invoices.Core.csproj", "{EA04896F-9171-4617-A963-825010FDFEB0}"
EndProject
Project("{FAE04EC0-301F-11D3-BF4B-00C04F79EFBC}") = "Invoices.Rendering", "Invoices.Rendering\Invoices.Rendering.csproj", "{057958E4-F114-4F92-9C77-3D53A5C961DF}"
EndProject
Project("{FAE04EC0-301F-11D3-BF4B-00C04F79EFBC}") = "Invoices.Console", "Invoices.Console\Invoices.Console.csproj", "{D007535B-4C1D-4B46-A44D-5183E7FC072E}"
EndProject
Project("{FAE04EC0-301F-11D3-BF4B-00C04F79EFBC}") = "Invoices.Interface", "Invoices.Interface\Invoices.Interface.csproj", "{420C5FFE-7B85-4959-8344-79B481CF9A5E}"
EndProject
Global
	GlobalSection(SolutionConfigurationPlatforms) = preSolution
		Debug|Any CPU = Debug|Any CPU
		Release|Any CPU = Release|Any CPU
	EndGlobalSection
	GlobalSection(ProjectConfigurationPlatforms) = postSolution
		{EA04896F-9171-4617-A963-825010FDFEB0}.Debug|Any CPU.ActiveCfg = Debug|Any CPU
		{EA04896F-9171-4617-A963-825010FDFEB0}.Debug|Any CPU.Build.0 = Debug|Any CPU
		{EA04896F-9171-4617-A963-825010FDFEB0}.Release|Any CPU.ActiveCfg = Release|Any CPU
		{EA04896F-9171-4617-A963-825010FDFEB0}.Release|Any CPU.Build.0 = Release|Any CPU
		{057958E4-F114-4F92-9C77-3D53A5C961DF}.Debug|Any CPU.ActiveCfg = Debug|Any CPU
		{057958E4-F114-4F92-9C77-3D53A5C961DF}.Debug|Any CPU.Build.0 = Debug|Any CPU
		{057958E4-F114-4F92-9C77-3D53A5C961DF}.Release|Any CPU.ActiveCfg = Release|Any CPU
		{057958E4-F114-4F92-9C77-3D53A5C961DF}.Release|Any CPU.Build.0 = Release|Any CPU
		{D007535B-4C1D-4B46-A44D-5183E7FC072E}.Debug|Any CPU.ActiveCfg = Debug|Any CPU
		{D007535B-4C1D-4B46-A44D-5183E7FC072E}.Debug|Any CPU.Build.0 = Debug|Any CPU
		{D007535B-4C1D-4B46-A44D-5183E7FC072E}.Release|Any CPU.ActiveCfg = Release|Any CPU
		{D007535B-4C1D-4B46-A44D-5183E7FC072E}.Release|Any CPU.Build.0 = Release|Any CPU
		{420C5FFE-7B85-4959-8344-79B481CF9A5E}.Debug|Any CPU.ActiveCfg = Debug|Any CPU
		{420C5FFE-7B85-4959-8344-79B481CF9A5E}.Debug|Any CPU.Build.0 = Debug|Any CPU
		{420C5FFE-7B85-4959-8344-79B481CF9A5E}.Release|Any CPU.ActiveCfg = Release|Any CPU
		{420C5FFE-7B85-4959-8344-79B481CF9A5E}.Release|Any CPU.Build.0 = Release|Any CPU
	EndGlobalSection
	GlobalSection(SolutionProperties) = preSolution
		HideSolutionNode = FALSE
	EndGlobalSection
	GlobalSection(ExtensibilityGlobals) = postSolution
		SolutionGuid = {D2D1A38C-0D8D-4621-8371-A7A5211DB427}
	EndGlobalSection
EndGlobal
